
Microsoft Visual Studio Solution File, Format Version 12.00
# Blend for Visual Studio 14
VisualStudioVersion = 14.0.24720.0
MinimumVisualStudioVersion = 10.0.40219.1
Project("{FAE04EC0-301F-11D3-BF4B-00C04F79EFBC}") = "CadastradorDeAval", "CadastradorDeAval\CadastradorDeAval.csproj", "{A30B1311-DE6B-46E5-B9D6-4B93B72C06DA}"
EndProject
Global
	GlobalSection(SolutionConfigurationPlatforms) = preSolution
		Debug|Any CPU = Debug|Any CPU
		Release|Any CPU = Release|Any CPU
	EndGlobalSection
	GlobalSection(ProjectConfigurationPlatforms) = postSolution
		{A30B1311-DE6B-46E5-B9D6-4B93B72C06DA}.Debug|Any CPU.ActiveCfg = Debug|Any CPU
		{A30B1311-DE6B-46E5-B9D6-4B93B72C06DA}.Debug|Any CPU.Build.0 = Debug|Any CPU
		{A30B1311-DE6B-46E5-B9D6-4B93B72C06DA}.Release|Any CPU.ActiveCfg = Release|Any CPU
		{A30B1311-DE6B-46E5-B9D6-4B93B72C06DA}.Release|Any CPU.Build.0 = Release|Any CPU
	EndGlobalSection
	GlobalSection(SolutionProperties) = preSolution
		HideSolutionNode = FALSE
	EndGlobalSection
EndGlobal
